
Microsoft Visual Studio Solution File, Format Version 12.00
# Visual Studio 2013
VisualStudioVersion = 12.0.30723.0
MinimumVisualStudioVersion = 10.0.40219.1
Project("{FAE04EC0-301F-11D3-BF4B-00C04F79EFBC}") = "BriskDesk.Data", "BriskDesk.Data\BriskDesk.Data.csproj", "{183CBC9A-E756-45F6-8252-0251B43CFF13}"
EndProject
Project("{FAE04EC0-301F-11D3-BF4B-00C04F79EFBC}") = "BriskDesk.Service", "BriskDesk.Service\BriskDesk.Service.csproj", "{97453567-AEAD-4C3C-96DA-58869A04EF62}"
EndProject
Project("{FAE04EC0-301F-11D3-BF4B-00C04F79EFBC}") = "BriskDesk.Tests", "BriskDesk.Tests\BriskDesk.Tests.csproj", "{5222607C-1B25-4E0F-8BD4-7110DCE6F23A}"
EndProject
Project("{FAE04EC0-301F-11D3-BF4B-00C04F79EFBC}") = "BriskDesk.Web", "BriskDesk.Web\BriskDesk.Web.csproj", "{EBAC3DCA-3393-48DE-A3F7-FC3543C0BB19}"
EndProject
Global
	GlobalSection(SolutionConfigurationPlatforms) = preSolution
		Debug|Any CPU = Debug|Any CPU
		Release|Any CPU = Release|Any CPU
	EndGlobalSection
	GlobalSection(ProjectConfigurationPlatforms) = postSolution
		{183CBC9A-E756-45F6-8252-0251B43CFF13}.Debug|Any CPU.ActiveCfg = Debug|Any CPU
		{183CBC9A-E756-45F6-8252-0251B43CFF13}.Debug|Any CPU.Build.0 = Debug|Any CPU
		{183CBC9A-E756-45F6-8252-0251B43CFF13}.Release|Any CPU.ActiveCfg = Release|Any CPU
		{183CBC9A-E756-45F6-8252-0251B43CFF13}.Release|Any CPU.Build.0 = Release|Any CPU
		{97453567-AEAD-4C3C-96DA-58869A04EF62}.Debug|Any CPU.ActiveCfg = Debug|Any CPU
		{97453567-AEAD-4C3C-96DA-58869A04EF62}.Debug|Any CPU.Build.0 = Debug|Any CPU
		{97453567-AEAD-4C3C-96DA-58869A04EF62}.Release|Any CPU.ActiveCfg = Release|Any CPU
		{97453567-AEAD-4C3C-96DA-58869A04EF62}.Release|Any CPU.Build.0 = Release|Any CPU
		{5222607C-1B25-4E0F-8BD4-7110DCE6F23A}.Debug|Any CPU.ActiveCfg = Debug|Any CPU
		{5222607C-1B25-4E0F-8BD4-7110DCE6F23A}.Debug|Any CPU.Build.0 = Debug|Any CPU
		{5222607C-1B25-4E0F-8BD4-7110DCE6F23A}.Release|Any CPU.ActiveCfg = Release|Any CPU
		{5222607C-1B25-4E0F-8BD4-7110DCE6F23A}.Release|Any CPU.Build.0 = Release|Any CPU
		{EBAC3DCA-3393-48DE-A3F7-FC3543C0BB19}.Debug|Any CPU.ActiveCfg = Debug|Any CPU
		{EBAC3DCA-3393-48DE-A3F7-FC3543C0BB19}.Debug|Any CPU.Build.0 = Debug|Any CPU
		{EBAC3DCA-3393-48DE-A3F7-FC3543C0BB19}.Release|Any CPU.ActiveCfg = Release|Any CPU
		{EBAC3DCA-3393-48DE-A3F7-FC3543C0BB19}.Release|Any CPU.Build.0 = Release|Any CPU
	EndGlobalSection
	GlobalSection(SolutionProperties) = preSolution
		HideSolutionNode = FALSE
	EndGlobalSection
EndGlobal
